
Microsoft Visual Studio Solution File, Format Version 12.00
# Visual Studio 2012
Project("{FAE04EC0-301F-11D3-BF4B-00C04F79EFBC}") = "Demo.Contracts", "Demo\Demo.Contracts.csproj", "{E1A85C5C-DF84-4CA8-A429-5E20D62AAA95}"
EndProject
Project("{FAE04EC0-301F-11D3-BF4B-00C04F79EFBC}") = "Demo.Tasks", "Demo.Tasks\Demo.Tasks.csproj", "{DB45C12E-008A-41A4-93B4-DDFBF4ACEF82}"
EndProject
Project("{FAE04EC0-301F-11D3-BF4B-00C04F79EFBC}") = "AsyncAsp", "AsyncAsp\AsyncAsp.csproj", "{DFFA2E6A-7FF6-4149-B72D-76DF77232C02}"
EndProject
Global
	GlobalSection(SolutionConfigurationPlatforms) = preSolution
		Debug|Any CPU = Debug|Any CPU
		Release|Any CPU = Release|Any CPU
	EndGlobalSection
	GlobalSection(ProjectConfigurationPlatforms) = postSolution
		{E1A85C5C-DF84-4CA8-A429-5E20D62AAA95}.Debug|Any CPU.ActiveCfg = Debug|Any CPU
		{E1A85C5C-DF84-4CA8-A429-5E20D62AAA95}.Debug|Any CPU.Build.0 = Debug|Any CPU
		{E1A85C5C-DF84-4CA8-A429-5E20D62AAA95}.Release|Any CPU.ActiveCfg = Release|Any CPU
		{E1A85C5C-DF84-4CA8-A429-5E20D62AAA95}.Release|Any CPU.Build.0 = Release|Any CPU
		{DB45C12E-008A-41A4-93B4-DDFBF4ACEF82}.Debug|Any CPU.ActiveCfg = Debug|Any CPU
		{DB45C12E-008A-41A4-93B4-DDFBF4ACEF82}.Debug|Any CPU.Build.0 = Debug|Any CPU
		{DB45C12E-008A-41A4-93B4-DDFBF4ACEF82}.Release|Any CPU.ActiveCfg = Release|Any CPU
		{DB45C12E-008A-41A4-93B4-DDFBF4ACEF82}.Release|Any CPU.Build.0 = Release|Any CPU
		{DFFA2E6A-7FF6-4149-B72D-76DF77232C02}.Debug|Any CPU.ActiveCfg = Debug|Any CPU
		{DFFA2E6A-7FF6-4149-B72D-76DF77232C02}.Debug|Any CPU.Build.0 = Debug|Any CPU
		{DFFA2E6A-7FF6-4149-B72D-76DF77232C02}.Release|Any CPU.ActiveCfg = Release|Any CPU
		{DFFA2E6A-7FF6-4149-B72D-76DF77232C02}.Release|Any CPU.Build.0 = Release|Any CPU
	EndGlobalSection
	GlobalSection(SolutionProperties) = preSolution
		HideSolutionNode = FALSE
	EndGlobalSection
EndGlobal
